
Microsoft Visual Studio Solution File, Format Version 11.00
# Visual Studio 2010
Project("{8BC9CEB8-8B4A-11D0-8D11-00A0C91BC942}") = "XboxADPCM", "XboxADPCM\XboxADPCM.vcxproj", "{9301FA7A-461D-40B5-A6B4-36D9F7496B2A}"
EndProject
Global
	GlobalSection(SolutionConfigurationPlatforms) = preSolution
		Debug|Win32 = Debug|Win32
		Release|Win32 = Release|Win32
	EndGlobalSection
	GlobalSection(ProjectConfigurationPlatforms) = postSolution
		{9301FA7A-461D-40B5-A6B4-36D9F7496B2A}.Debug|Win32.ActiveCfg = Debug|Win32
		{9301FA7A-461D-40B5-A6B4-36D9F7496B2A}.Debug|Win32.Build.0 = Debug|Win32
		{9301FA7A-461D-40B5-A6B4-36D9F7496B2A}.Release|Win32.ActiveCfg = Release|Win32
		{9301FA7A-461D-40B5-A6B4-36D9F7496B2A}.Release|Win32.Build.0 = Release|Win32
	EndGlobalSection
	GlobalSection(SolutionProperties) = preSolution
		HideSolutionNode = FALSE
	EndGlobalSection
EndGlobal
